
Microsoft Visual Studio Solution File, Format Version 12.00
# Visual Studio Version 16
VisualStudioVersion = 16.0.31410.357
MinimumVisualStudioVersion = 10.0.40219.1
Project("{FAE04EC0-301F-11D3-BF4B-00C04F79EFBC}") = "Calculator.UWP", "Calculator\Calculator.UWP\Calculator.UWP.csproj", "{148D70EA-D9DD-459C-BD1E-00780112FD53}"
EndProject
Project("{FAE04EC0-301F-11D3-BF4B-00C04F79EFBC}") = "Calculator.Android", "Calculator\Calculator.Android\Calculator.Android.csproj", "{F17C2A38-0F88-44B7-ABCB-4000E26A10EA}"
EndProject
Project("{FAE04EC0-301F-11D3-BF4B-00C04F79EFBC}") = "Calculator.iOS", "Calculator\Calculator.iOS\Calculator.iOS.csproj", "{86E37D1E-A832-4348-A5D5-6B7366960314}"
EndProject
Project("{FAE04EC0-301F-11D3-BF4B-00C04F79EFBC}") = "Calculator", "Calculator\Calculator\Calculator.csproj", "{128841B0-4505-46C8-9BDC-CBDB7E8633C1}"
EndProject
Global
	GlobalSection(SolutionConfigurationPlatforms) = preSolution
		Debug|Any CPU = Debug|Any CPU
		Debug|ARM = Debug|ARM
		Debug|iPhone = Debug|iPhone
		Debug|iPhoneSimulator = Debug|iPhoneSimulator
		Debug|x64 = Debug|x64
		Debug|x86 = Debug|x86
		Release|Any CPU = Release|Any CPU
		Release|ARM = Release|ARM
		Release|iPhone = Release|iPhone
		Release|iPhoneSimulator = Release|iPhoneSimulator
		Release|x64 = Release|x64
		Release|x86 = Release|x86
	EndGlobalSection
	GlobalSection(ProjectConfigurationPlatforms) = postSolution
		{148D70EA-D9DD-459C-BD1E-00780112FD53}.Debug|Any CPU.ActiveCfg = Debug|x86
		{148D70EA-D9DD-459C-BD1E-00780112FD53}.Debug|Any CPU.Build.0 = Debug|x86
		{148D70EA-D9DD-459C-BD1E-00780112FD53}.Debug|Any CPU.Deploy.0 = Debug|x86
		{148D70EA-D9DD-459C-BD1E-00780112FD53}.Debug|ARM.ActiveCfg = Debug|ARM
		{148D70EA-D9DD-459C-BD1E-00780112FD53}.Debug|ARM.Build.0 = Debug|ARM
		{148D70EA-D9DD-459C-BD1E-00780112FD53}.Debug|ARM.Deploy.0 = Debug|ARM
		{148D70EA-D9DD-459C-BD1E-00780112FD53}.Debug|iPhone.ActiveCfg = Debug|x86
		{148D70EA-D9DD-459C-BD1E-00780112FD53}.Debug|iPhone.Build.0 = Debug|x86
		{148D70EA-D9DD-459C-BD1E-00780112FD53}.Debug|iPhone.Deploy.0 = Debug|x86
		{148D70EA-D9DD-459C-BD1E-00780112FD53}.Debug|iPhoneSimulator.ActiveCfg = Debug|x86
		{148D70EA-D9DD-459C-BD1E-00780112FD53}.Debug|iPhoneSimulator.Build.0 = Debug|x86
		{148D70EA-D9DD-459C-BD1E-00780112FD53}.Debug|iPhoneSimulator.Deploy.0 = Debug|x86
		{148D70EA-D9DD-459C-BD1E-00780112FD53}.Debug|x64.ActiveCfg = Debug|x64
		{148D70EA-D9DD-459C-BD1E-00780112FD53}.Debug|x64.Build.0 = Debug|x64
		{148D70EA-D9DD-459C-BD1E-00780112FD53}.Debug|x64.Deploy.0 = Debug|x64
		{148D70EA-D9DD-459C-BD1E-00780112FD53}.Debug|x86.ActiveCfg = Debug|x86
		{148D70EA-D9DD-459C-BD1E-00780112FD53}.Debug|x86.Build.0 = Debug|x86
		{148D70EA-D9DD-459C-BD1E-00780112FD53}.Debug|x86.Deploy.0 = Debug|x86
		{148D70EA-D9DD-459C-BD1E-00780112FD53}.Release|Any CPU.ActiveCfg = Release|x86
		{148D70EA-D9DD-459C-BD1E-00780112FD53}.Release|Any CPU.Build.0 = Release|x86
		{148D70EA-D9DD-459C-BD1E-00780112FD53}.Release|Any CPU.Deploy.0 = Release|x86
		{148D70EA-D9DD-459C-BD1E-00780112FD53}.Release|ARM.ActiveCfg = Release|ARM
		{148D70EA-D9DD-459C-BD1E-00780112FD53}.Release|ARM.Build.0 = Release|ARM
		{148D70EA-D9DD-459C-BD1E-00780112FD53}.Release|ARM.Deploy.0 = Release|ARM
		{148D70EA-D9DD-459C-BD1E-00780112FD53}.Release|iPhone.ActiveCfg = Release|x86
		{148D70EA-D9DD-459C-BD1E-00780112FD53}.Release|iPhone.Build.0 = Release|x86
		{148D70EA-D9DD-459C-BD1E-00780112FD53}.Release|iPhone.Deploy.0 = Release|x86
		{148D70EA-D9DD-459C-BD1E-00780112FD53}.Release|iPhoneSimulator.ActiveCfg = Release|x86
		{148D70EA-D9DD-459C-BD1E-00780112FD53}.Release|iPhoneSimulator.Build.0 = Release|x86
		{148D70EA-D9DD-459C-BD1E-00780112FD53}.Release|iPhoneSimulator.Deploy.0 = Release|x86
		{148D70EA-D9DD-459C-BD1E-00780112FD53}.Release|x64.ActiveCfg = Release|x64
		{148D70EA-D9DD-459C-BD1E-00780112FD53}.Release|x64.Build.0 = Release|x64
		{148D70EA-D9DD-459C-BD1E-00780112FD53}.Release|x64.Deploy.0 = Release|x64
		{148D70EA-D9DD-459C-BD1E-00780112FD53}.Release|x86.ActiveCfg = Release|x86
		{148D70EA-D9DD-459C-BD1E-00780112FD53}.Release|x86.Build.0 = Release|x86
		{148D70EA-D9DD-459C-BD1E-00780112FD53}.Release|x86.Deploy.0 = Release|x86
		{F17C2A38-0F88-44B7-ABCB-4000E26A10EA}.Debug|Any CPU.ActiveCfg = Debug|Any CPU
		{F17C2A38-0F88-44B7-ABCB-4000E26A10EA}.Debug|Any CPU.Build.0 = Debug|Any CPU
		{F17C2A38-0F88-44B7-ABCB-4000E26A10EA}.Debug|Any CPU.Deploy.0 = Debug|Any CPU
		{F17C2A38-0F88-44B7-ABCB-4000E26A10EA}.Debug|ARM.ActiveCfg = Debug|Any CPU
		{F17C2A38-0F88-44B7-ABCB-4000E26A10EA}.Debug|ARM.Build.0 = Debug|Any CPU
		{F17C2A38-0F88-44B7-ABCB-4000E26A10EA}.Debug|ARM.Deploy.0 = Debug|Any CPU
		{F17C2A38-0F88-44B7-ABCB-4000E26A10EA}.Debug|iPhone.ActiveCfg = Debug|Any CPU
		{F17C2A38-0F88-44B7-ABCB-4000E26A10EA}.Debug|iPhone.Build.0 = Debug|Any CPU
		{F17C2A38-0F88-44B7-ABCB-4000E26A10EA}.Debug|iPhone.Deploy.0 = Debug|Any CPU
		{F17C2A38-0F88-44B7-ABCB-4000E26A10EA}.Debug|iPhoneSimulator.ActiveCfg = Debug|Any CPU
		{F17C2A38-0F88-44B7-ABCB-4000E26A10EA}.Debug|iPhoneSimulator.Build.0 = Debug|Any CPU
		{F17C2A38-0F88-44B7-ABCB-4000E26A10EA}.Debug|iPhoneSimulator.Deploy.0 = Debug|Any CPU
		{F17C2A38-0F88-44B7-ABCB-4000E26A10EA}.Debug|x64.ActiveCfg = Debug|Any CPU
		{F17C2A38-0F88-44B7-ABCB-4000E26A10EA}.Debug|x64.Build.0 = Debug|Any CPU
		{F17C2A38-0F88-44B7-ABCB-4000E26A10EA}.Debug|x64.Deploy.0 = Debug|Any CPU
		{F17C2A38-0F88-44B7-ABCB-4000E26A10EA}.Debug|x86.ActiveCfg = Debug|Any CPU
		{F17C2A38-0F88-44B7-ABCB-4000E26A10EA}.Debug|x86.Build.0 = Debug|Any CPU
		{F17C2A38-0F88-44B7-ABCB-4000E26A10EA}.Debug|x86.Deploy.0 = Debug|Any CPU
		{F17C2A38-0F88-44B7-ABCB-4000E26A10EA}.Release|Any CPU.ActiveCfg = Release|Any CPU
		{F17C2A38-0F88-44B7-ABCB-4000E26A10EA}.Release|Any CPU.Build.0 = Release|Any CPU
		{F17C2A38-0F88-44B7-ABCB-4000E26A10EA}.Release|Any CPU.Deploy.0 = Release|Any CPU
		{F17C2A38-0F88-44B7-ABCB-4000E26A10EA}.Release|ARM.ActiveCfg = Release|Any CPU
		{F17C2A38-0F88-44B7-ABCB-4000E26A10EA}.Release|ARM.Build.0 = Release|Any CPU
		{F17C2A38-0F88-44B7-ABCB-4000E26A10EA}.Release|ARM.Deploy.0 = Release|Any CPU
		{F17C2A38-0F88-44B7-ABCB-4000E26A10EA}.Release|iPhone.ActiveCfg = Release|Any CPU
		{F17C2A38-0F88-44B7-ABCB-4000E26A10EA}.Release|iPhone.Build.0 = Release|Any CPU
		{F17C2A38-0F88-44B7-ABCB-4000E26A10EA}.Release|iPhone.Deploy.0 = Release|Any CPU
		{F17C2A38-0F88-44B7-ABCB-4000E26A10EA}.Release|iPhoneSimulator.ActiveCfg = Release|Any CPU
		{F17C2A38-0F88-44B7-ABCB-4000E26A10EA}.Release|iPhoneSimulator.Build.0 = Release|Any CPU
		{F17C2A38-0F88-44B7-ABCB-4000E26A10EA}.Release|iPhoneSimulator.Deploy.0 = Release|Any CPU
		{F17C2A38-0F88-44B7-ABCB-4000E26A10EA}.Release|x64.ActiveCfg = Release|Any CPU
		{F17C2A38-0F88-44B7-ABCB-4000E26A10EA}.Release|x64.Build.0 = Release|Any CPU
		{F17C2A38-0F88-44B7-ABCB-4000E26A10EA}.Release|x64.Deploy.0 = Release|Any CPU
		{F17C2A38-0F88-44B7-ABCB-4000E26A10EA}.Release|x86.ActiveCfg = Release|Any CPU
		{F17C2A38-0F88-44B7-ABCB-4000E26A10EA}.Release|x86.Build.0 = Release|Any CPU
		{F17C2A38-0F88-44B7-ABCB-4000E26A10EA}.Release|x86.Deploy.0 = Release|Any CPU
		{86E37D1E-A832-4348-A5D5-6B7366960314}.Debug|Any CPU.ActiveCfg = Debug|iPhoneSimulator
		{86E37D1E-A832-4348-A5D5-6B7366960314}.Debug|Any CPU.Build.0 = Debug|iPhoneSimulator
		{86E37D1E-A832-4348-A5D5-6B7366960314}.Debug|Any CPU.Deploy.0 = Debug|iPhoneSimulator
		{86E37D1E-A832-4348-A5D5-6B7366960314}.Debug|ARM.ActiveCfg = Debug|iPhone
		{86E37D1E-A832-4348-A5D5-6B7366960314}.Debug|ARM.Build.0 = Debug|iPhone
		{86E37D1E-A832-4348-A5D5-6B7366960314}.Debug|ARM.Deploy.0 = Debug|iPhone
		{86E37D1E-A832-4348-A5D5-6B7366960314}.Debug|iPhone.ActiveCfg = Debug|iPhone
		{86E37D1E-A832-4348-A5D5-6B7366960314}.Debug|iPhone.Build.0 = Debug|iPhone
		{86E37D1E-A832-4348-A5D5-6B7366960314}.Debug|iPhone.Deploy.0 = Debug|iPhone
		{86E37D1E-A832-4348-A5D5-6B7366960314}.Debug|iPhoneSimulator.ActiveCfg = Debug|iPhoneSimulator
		{86E37D1E-A832-4348-A5D5-6B7366960314}.Debug|iPhoneSimulator.Build.0 = Debug|iPhoneSimulator
		{86E37D1E-A832-4348-A5D5-6B7366960314}.Debug|iPhoneSimulator.Deploy.0 = Debug|iPhoneSimulator
		{86E37D1E-A832-4348-A5D5-6B7366960314}.Debug|x64.ActiveCfg = Debug|iPhoneSimulator
		{86E37D1E-A832-4348-A5D5-6B7366960314}.Debug|x64.Build.0 = Debug|iPhoneSimulator
		{86E37D1E-A832-4348-A5D5-6B7366960314}.Debug|x64.Deploy.0 = Debug|iPhoneSimulator
		{86E37D1E-A832-4348-A5D5-6B7366960314}.Debug|x86.ActiveCfg = Debug|iPhoneSimulator
		{86E37D1E-A832-4348-A5D5-6B7366960314}.Debug|x86.Build.0 = Debug|iPhoneSimulator
		{86E37D1E-A832-4348-A5D5-6B7366960314}.Debug|x86.Deploy.0 = Debug|iPhoneSimulator
		{86E37D1E-A832-4348-A5D5-6B7366960314}.Release|Any CPU.ActiveCfg = Release|iPhoneSimulator
		{86E37D1E-A832-4348-A5D5-6B7366960314}.Release|Any CPU.Build.0 = Release|iPhoneSimulator
		{86E37D1E-A832-4348-A5D5-6B7366960314}.Release|Any CPU.Deploy.0 = Release|iPhoneSimulator
		{86E37D1E-A832-4348-A5D5-6B7366960314}.Release|ARM.ActiveCfg = Release|iPhoneSimulator
		{86E37D1E-A832-4348-A5D5-6B7366960314}.Release|ARM.Build.0 = Release|iPhoneSimulator
		{86E37D1E-A832-4348-A5D5-6B7366960314}.Release|ARM.Deploy.0 = Release|iPhoneSimulator
		{86E37D1E-A832-4348-A5D5-6B7366960314}.Release|iPhone.ActiveCfg = Release|iPhone
		{86E37D1E-A832-4348-A5D5-6B7366960314}.Release|iPhone.Build.0 = Release|iPhone
		{86E37D1E-A832-4348-A5D5-6B7366960314}.Release|iPhone.Deploy.0 = Release|iPhone
		{86E37D1E-A832-4348-A5D5-6B7366960314}.Release|iPhoneSimulator.ActiveCfg = Release|iPhoneSimulator
		{86E37D1E-A832-4348-A5D5-6B7366960314}.Release|iPhoneSimulator.Build.0 = Release|iPhoneSimulator
		{86E37D1E-A832-4348-A5D5-6B7366960314}.Release|iPhoneSimulator.Deploy.0 = Release|iPhoneSimulator
		{86E37D1E-A832-4348-A5D5-6B7366960314}.Release|x64.ActiveCfg = Release|iPhoneSimulator
		{86E37D1E-A832-4348-A5D5-6B7366960314}.Release|x64.Build.0 = Release|iPhoneSimulator
		{86E37D1E-A832-4348-A5D5-6B7366960314}.Release|x64.Deploy.0 = Release|iPhoneSimulator
		{86E37D1E-A832-4348-A5D5-6B7366960314}.Release|x86.ActiveCfg = Release|iPhoneSimulator
		{86E37D1E-A832-4348-A5D5-6B7366960314}.Release|x86.Build.0 = Release|iPhoneSimulator
		{86E37D1E-A832-4348-A5D5-6B7366960314}.Release|x86.Deploy.0 = Release|iPhoneSimulator
		{128841B0-4505-46C8-9BDC-CBDB7E8633C1}.Debug|Any CPU.ActiveCfg = Debug|Any CPU
		{128841B0-4505-46C8-9BDC-CBDB7E8633C1}.Debug|Any CPU.Build.0 = Debug|Any CPU
		{128841B0-4505-46C8-9BDC-CBDB7E8633C1}.Debug|Any CPU.Deploy.0 = Debug|Any CPU
		{128841B0-4505-46C8-9BDC-CBDB7E8633C1}.Debug|ARM.ActiveCfg = Debug|Any CPU
		{128841B0-4505-46C8-9BDC-CBDB7E8633C1}.Debug|ARM.Build.0 = Debug|Any CPU
		{128841B0-4505-46C8-9BDC-CBDB7E8633C1}.Debug|ARM.Deploy.0 = Debug|Any CPU
		{128841B0-4505-46C8-9BDC-CBDB7E8633C1}.Debug|iPhone.ActiveCfg = Debug|Any CPU
		{128841B0-4505-46C8-9BDC-CBDB7E8633C1}.Debug|iPhone.Build.0 = Debug|Any CPU
		{128841B0-4505-46C8-9BDC-CBDB7E8633C1}.Debug|iPhone.Deploy.0 = Debug|Any CPU
		{128841B0-4505-46C8-9BDC-CBDB7E8633C1}.Debug|iPhoneSimulator.ActiveCfg = Debug|Any CPU
		{128841B0-4505-46C8-9BDC-CBDB7E8633C1}.Debug|iPhoneSimulator.Build.0 = Debug|Any CPU
		{128841B0-4505-46C8-9BDC-CBDB7E8633C1}.Debug|iPhoneSimulator.Deploy.0 = Debug|Any CPU
		{128841B0-4505-46C8-9BDC-CBDB7E8633C1}.Debug|x64.ActiveCfg = Debug|Any CPU
		{128841B0-4505-46C8-9BDC-CBDB7E8633C1}.Debug|x64.Build.0 = Debug|Any CPU
		{128841B0-4505-46C8-9BDC-CBDB7E8633C1}.Debug|x64.Deploy.0 = Debug|Any CPU
		{128841B0-4505-46C8-9BDC-CBDB7E8633C1}.Debug|x86.ActiveCfg = Debug|Any CPU
		{128841B0-4505-46C8-9BDC-CBDB7E8633C1}.Debug|x86.Build.0 = Debug|Any CPU
		{128841B0-4505-46C8-9BDC-CBDB7E8633C1}.Debug|x86.Deploy.0 = Debug|Any CPU
		{128841B0-4505-46C8-9BDC-CBDB7E8633C1}.Release|Any CPU.ActiveCfg = Release|Any CPU
		{128841B0-4505-46C8-9BDC-CBDB7E8633C1}.Release|Any CPU.Build.0 = Release|Any CPU
		{128841B0-4505-46C8-9BDC-CBDB7E8633C1}.Release|Any CPU.Deploy.0 = Release|Any CPU
		{128841B0-4505-46C8-9BDC-CBDB7E8633C1}.Release|ARM.ActiveCfg = Release|Any CPU
		{128841B0-4505-46C8-9BDC-CBDB7E8633C1}.Release|ARM.Build.0 = Release|Any CPU
		{128841B0-4505-46C8-9BDC-CBDB7E8633C1}.Release|ARM.Deploy.0 = Release|Any CPU
		{128841B0-4505-46C8-9BDC-CBDB7E8633C1}.Release|iPhone.ActiveCfg = Release|Any CPU
		{128841B0-4505-46C8-9BDC-CBDB7E8633C1}.Release|iPhone.Build.0 = Release|Any CPU
		{128841B0-4505-46C8-9BDC-CBDB7E8633C1}.Release|iPhone.Deploy.0 = Release|Any CPU
		{128841B0-4505-46C8-9BDC-CBDB7E8633C1}.Release|iPhoneSimulator.ActiveCfg = Release|Any CPU
		{128841B0-4505-46C8-9BDC-CBDB7E8633C1}.Release|iPhoneSimulator.Build.0 = Release|Any CPU
		{128841B0-4505-46C8-9BDC-CBDB7E8633C1}.Release|iPhoneSimulator.Deploy.0 = Release|Any CPU
		{128841B0-4505-46C8-9BDC-CBDB7E8633C1}.Release|x64.ActiveCfg = Release|Any CPU
		{128841B0-4505-46C8-9BDC-CBDB7E8633C1}.Release|x64.Build.0 = Release|Any CPU
		{128841B0-4505-46C8-9BDC-CBDB7E8633C1}.Release|x64.Deploy.0 = Release|Any CPU
		{128841B0-4505-46C8-9BDC-CBDB7E8633C1}.Release|x86.ActiveCfg = Release|Any CPU
		{128841B0-4505-46C8-9BDC-CBDB7E8633C1}.Release|x86.Build.0 = Release|Any CPU
		{128841B0-4505-46C8-9BDC-CBDB7E8633C1}.Release|x86.Deploy.0 = Release|Any CPU
	EndGlobalSection
	GlobalSection(SolutionProperties) = preSolution
		HideSolutionNode = FALSE
	EndGlobalSection
	GlobalSection(ExtensibilityGlobals) = postSolution
		SolutionGuid = {BDE124F2-2477-4035-B1B2-0B1CDD7DC108}
	EndGlobalSection
EndGlobal
